
Microsoft Visual Studio Solution File, Format Version 12.00
# Visual Studio Version 16
VisualStudioVersion = 16.0.29509.3
MinimumVisualStudioVersion = 10.0.40219.1
Project("{FAE04EC0-301F-11D3-BF4B-00C04F79EFBC}") = "ToyDB", "ToyDB\ToyDB.csproj", "{E5BE4024-FE5C-4854-BBBD-922EBD54D663}"
EndProject
Global
	GlobalSection(SolutionConfigurationPlatforms) = preSolution
		Debug|Any CPU = Debug|Any CPU
		Release|Any CPU = Release|Any CPU
	EndGlobalSection
	GlobalSection(ProjectConfigurationPlatforms) = postSolution
		{E5BE4024-FE5C-4854-BBBD-922EBD54D663}.Debug|Any CPU.ActiveCfg = Debug|Any CPU
		{E5BE4024-FE5C-4854-BBBD-922EBD54D663}.Debug|Any CPU.Build.0 = Debug|Any CPU
		{E5BE4024-FE5C-4854-BBBD-922EBD54D663}.Release|Any CPU.ActiveCfg = Release|Any CPU
		{E5BE4024-FE5C-4854-BBBD-922EBD54D663}.Release|Any CPU.Build.0 = Release|Any CPU
	EndGlobalSection
	GlobalSection(SolutionProperties) = preSolution
		HideSolutionNode = FALSE
	EndGlobalSection
	GlobalSection(ExtensibilityGlobals) = postSolution
		SolutionGuid = {ECEC8017-6536-41C0-8218-3886F59FC49E}
	EndGlobalSection
EndGlobal
